// !$*UTF8*$!
{
	archiveVersion = 1;
	classes = {
	};
	objectVersion = 56;
	objects = {

/* Begin PBXBuildFile section */
		7F308BBF2C0A786F007BA2AA /* AppDelegate.swift in Sources */ = {isa = PBXBuildFile; fileRef = 7F308BBE2C0A786F007BA2AA /* AppDelegate.swift */; };
		7F308BC12C0A786F007BA2AA /* SceneDelegate.swift in Sources */ = {isa = PBXBuildFile; fileRef = 7F308BC02C0A786F007BA2AA /* SceneDelegate.swift */; };
		7F308BC32C0A786F007BA2AA /* MainTabbarViewController.swift in Sources */ = {isa = PBXBuildFile; fileRef = 7F308BC22C0A786F007BA2AA /* MainTabbarViewController.swift */; };
		7F308BC82C0A7871007BA2AA /* Assets.xcassets in Resources */ = {isa = PBXBuildFile; fileRef = 7F308BC72C0A7871007BA2AA /* Assets.xcassets */; };
		7F308BCB2C0A7871007BA2AA /* Base in Resources */ = {isa = PBXBuildFile; fileRef = 7F308BCA2C0A7871007BA2AA /* Base */; };
		7F308BDE2C0A7CF6007BA2AA /* NetworkService.swift in Sources */ = {isa = PBXBuildFile; fileRef = 7F308BDD2C0A7CF6007BA2AA /* NetworkService.swift */; };
		7F308BE12C0A7F36007BA2AA /* NewsModel.swift in Sources */ = {isa = PBXBuildFile; fileRef = 7F308BE02C0A7F36007BA2AA /* NewsModel.swift */; };
/* End PBXBuildFile section */

/* Begin PBXFileReference section */
		7F308BBB2C0A786F007BA2AA /* HOTNEWS-APP.app */ = {isa = PBXFileReference; explicitFileType = wrapper.application; includeInIndex = 0; path = "HOTNEWS-APP.app"; sourceTree = BUILT_PRODUCTS_DIR; };
		7F308BBE2C0A786F007BA2AA /* AppDelegate.swift */ = {isa = PBXFileReference; lastKnownFileType = sourcecode.swift; path = AppDelegate.swift; sourceTree = "<group>"; };
		7F308BC02C0A786F007BA2AA /* SceneDelegate.swift */ = {isa = PBXFileReference; lastKnownFileType = sourcecode.swift; path = SceneDelegate.swift; sourceTree = "<group>"; };
		7F308BC22C0A786F007BA2AA /* MainTabbarViewController.swift */ = {isa = PBXFileReference; lastKnownFileType = sourcecode.swift; path = MainTabbarViewController.swift; sourceTree = "<group>"; };
		7F308BC72C0A7871007BA2AA /* Assets.xcassets */ = {isa = PBXFileReference; lastKnownFileType = folder.assetcatalog; path = Assets.xcassets; sourceTree = "<group>"; };
		7F308BCA2C0A7871007BA2AA /* Base */ = {isa = PBXFileReference; lastKnownFileType = file.storyboard; name = Base; path = Base.lproj/LaunchScreen.storyboard; sourceTree = "<group>"; };
		7F308BCC2C0A7871007BA2AA /* Info.plist */ = {isa = PBXFileReference; lastKnownFileType = text.plist.xml; path = Info.plist; sourceTree = "<group>"; };
		7F308BDD2C0A7CF6007BA2AA /* NetworkService.swift */ = {isa = PBXFileReference; lastKnownFileType = sourcecode.swift; path = NetworkService.swift; sourceTree = "<group>"; };
		7F308BE02C0A7F36007BA2AA /* NewsModel.swift */ = {isa = PBXFileReference; lastKnownFileType = sourcecode.swift; path = NewsModel.swift; sourceTree = "<group>"; };
/* End PBXFileReference section */

/* Begin PBXFrameworksBuildPhase section */
		7F308BB82C0A786F007BA2AA /* Frameworks */ = {
			isa = PBXFrameworksBuildPhase;
			buildActionMask = 2147483647;
			files = (
			);
			runOnlyForDeploymentPostprocessing = 0;
		};
/* End PBXFrameworksBuildPhase section */

/* Begin PBXGroup section */
		7F308BB22C0A786F007BA2AA = {
			isa = PBXGroup;
			children = (
				7F308BBD2C0A786F007BA2AA /* HOTNEWS-APP */,
				7F308BBC2C0A786F007BA2AA /* Products */,
			);
			sourceTree = "<group>";
		};
		7F308BBC2C0A786F007BA2AA /* Products */ = {
			isa = PBXGroup;
			children = (
				7F308BBB2C0A786F007BA2AA /* HOTNEWS-APP.app */,
			);
			name = Products;
			sourceTree = "<group>";
		};
		7F308BBD2C0A786F007BA2AA /* HOTNEWS-APP */ = {
			isa = PBXGroup;
			children = (
				7F308BDB2C0A7ADC007BA2AA /* Core */,
				7F308BDA2C0A7ABC007BA2AA /* Service */,
				7F308BD82C0A7A4E007BA2AA /* Helpers */,
				7F308BD62C0A7A42007BA2AA /* Resource */,
				7F308BD52C0A7A3E007BA2AA /* Model */,
				7F308BD42C0A7A39007BA2AA /* ViewModel */,
				7F308BD32C0A7A35007BA2AA /* View */,
				7F308BD22C0A7A2E007BA2AA /* Controller */,
				7F308BC92C0A7871007BA2AA /* LaunchScreen.storyboard */,
				7F308BCC2C0A7871007BA2AA /* Info.plist */,
			);
			path = "HOTNEWS-APP";
			sourceTree = "<group>";
		};
		7F308BD22C0A7A2E007BA2AA /* Controller */ = {
			isa = PBXGroup;
			children = (
				7F308BC22C0A786F007BA2AA /* MainTabbarViewController.swift */,
			);
			path = Controller;
			sourceTree = "<group>";
		};
		7F308BD32C0A7A35007BA2AA /* View */ = {
			isa = PBXGroup;
			children = (
			);
			path = View;
			sourceTree = "<group>";
		};
		7F308BD42C0A7A39007BA2AA /* ViewModel */ = {
			isa = PBXGroup;
			children = (
			);
			path = ViewModel;
			sourceTree = "<group>";
		};
		7F308BD52C0A7A3E007BA2AA /* Model */ = {
			isa = PBXGroup;
			children = (
				7F308BDF2C0A7F2B007BA2AA /* News */,
			);
			path = Model;
			sourceTree = "<group>";
		};
		7F308BD62C0A7A42007BA2AA /* Resource */ = {
			isa = PBXGroup;
			children = (
				7F308BC72C0A7871007BA2AA /* Assets.xcassets */,
				7F308BD72C0A7A49007BA2AA /* Font */,
			);
			path = Resource;
			sourceTree = "<group>";
		};
		7F308BD72C0A7A49007BA2AA /* Font */ = {
			isa = PBXGroup;
			children = (
			);
			path = Font;
			sourceTree = "<group>";
		};
		7F308BD82C0A7A4E007BA2AA /* Helpers */ = {
			isa = PBXGroup;
			children = (
				7F308BD92C0A7A99007BA2AA /* Extension */,
			);
			path = Helpers;
			sourceTree = "<group>";
		};
		7F308BD92C0A7A99007BA2AA /* Extension */ = {
			isa = PBXGroup;
			children = (
			);
			path = Extension;
			sourceTree = "<group>";
		};
		7F308BDA2C0A7ABC007BA2AA /* Service */ = {
			isa = PBXGroup;
			children = (
				7F308BDC2C0A7CE4007BA2AA /* NetworkService */,
			);
			path = Service;
			sourceTree = "<group>";
		};
		7F308BDB2C0A7ADC007BA2AA /* Core */ = {
			isa = PBXGroup;
			children = (
				7F308BC02C0A786F007BA2AA /* SceneDelegate.swift */,
				7F308BBE2C0A786F007BA2AA /* AppDelegate.swift */,
			);
			path = Core;
			sourceTree = "<group>";
		};
		7F308BDC2C0A7CE4007BA2AA /* NetworkService */ = {
			isa = PBXGroup;
			children = (
				7F308BDD2C0A7CF6007BA2AA /* NetworkService.swift */,
			);
			path = NetworkService;
			sourceTree = "<group>";
		};
		7F308BDF2C0A7F2B007BA2AA /* News */ = {
			isa = PBXGroup;
			children = (
				7F308BE02C0A7F36007BA2AA /* NewsModel.swift */,
			);
			path = News;
			sourceTree = "<group>";
		};
/* End PBXGroup section */

/* Begin PBXNativeTarget section */
		7F308BBA2C0A786F007BA2AA /* HOTNEWS-APP */ = {
			isa = PBXNativeTarget;
			buildConfigurationList = 7F308BCF2C0A7871007BA2AA /* Build configuration list for PBXNativeTarget "HOTNEWS-APP" */;
			buildPhases = (
				7F308BB72C0A786F007BA2AA /* Sources */,
				7F308BB82C0A786F007BA2AA /* Frameworks */,
				7F308BB92C0A786F007BA2AA /* Resources */,
			);
			buildRules = (
			);
			dependencies = (
			);
			name = "HOTNEWS-APP";
			productName = "HOTNEWS-APP";
			productReference = 7F308BBB2C0A786F007BA2AA /* HOTNEWS-APP.app */;
			productType = "com.apple.product-type.application";
		};
/* End PBXNativeTarget section */

/* Begin PBXProject section */
		7F308BB32C0A786F007BA2AA /* Project object */ = {
			isa = PBXProject;
			attributes = {
				BuildIndependentTargetsInParallel = 1;
				LastSwiftUpdateCheck = 1530;
				LastUpgradeCheck = 1530;
				TargetAttributes = {
					7F308BBA2C0A786F007BA2AA = {
						CreatedOnToolsVersion = 15.3;
					};
				};
			};
			buildConfigurationList = 7F308BB62C0A786F007BA2AA /* Build configuration list for PBXProject "HOTNEWS-APP" */;
			compatibilityVersion = "Xcode 14.0";
			developmentRegion = en;
			hasScannedForEncodings = 0;
			knownRegions = (
				en,
				Base,
			);
			mainGroup = 7F308BB22C0A786F007BA2AA;
			productRefGroup = 7F308BBC2C0A786F007BA2AA /* Products */;
			projectDirPath = "";
			projectRoot = "";
			targets = (
				7F308BBA2C0A786F007BA2AA /* HOTNEWS-APP */,
			);
		};
/* End PBXProject section */

/* Begin PBXResourcesBuildPhase section */
		7F308BB92C0A786F007BA2AA /* Resources */ = {
			isa = PBXResourcesBuildPhase;
			buildActionMask = 2147483647;
			files = (
				7F308BC82C0A7871007BA2AA /* Assets.xcassets in Resources */,
				7F308BCB2C0A7871007BA2AA /* Base in Resources */,
			);
			runOnlyForDeploymentPostprocessing = 0;
		};
/* End PBXResourcesBuildPhase section */

/* Begin PBXSourcesBuildPhase section */
		7F308BB72C0A786F007BA2AA /* Sources */ = {
			isa = PBXSourcesBuildPhase;
			buildActionMask = 2147483647;
			files = (
				7F308BC32C0A786F007BA2AA /* MainTabbarViewController.swift in Sources */,
				7F308BE12C0A7F36007BA2AA /* NewsModel.swift in Sources */,
				7F308BBF2C0A786F007BA2AA /* AppDelegate.swift in Sources */,
				7F308BDE2C0A7CF6007BA2AA /* NetworkService.swift in Sources */,
				7F308BC12C0A786F007BA2AA /* SceneDelegate.swift in Sources */,
			);
			runOnlyForDeploymentPostprocessing = 0;
		};
/* End PBXSourcesBuildPhase section */

/* Begin PBXVariantGroup section */
		7F308BC92C0A7871007BA2AA /* LaunchScreen.storyboard */ = {
			isa = PBXVariantGroup;
			children = (
				7F308BCA2C0A7871007BA2AA /* Base */,
			);
			name = LaunchScreen.storyboard;
			sourceTree = "<group>";
		};
/* End PBXVariantGroup section */

/* Begin XCBuildConfiguration section */
		7F308BCD2C0A7871007BA2AA /* Debug */ = {
			isa = XCBuildConfiguration;
			buildSettings = {
				ALWAYS_SEARCH_USER_PATHS = NO;
				ASSETCATALOG_COMPILER_GENERATE_SWIFT_ASSET_SYMBOL_EXTENSIONS = YES;
				CLANG_ANALYZER_NONNULL = YES;
				CLANG_ANALYZER_NUMBER_OBJECT_CONVERSION = YES_AGGRESSIVE;
				CLANG_CXX_LANGUAGE_STANDARD = "gnu++20";
				CLANG_ENABLE_MODULES = YES;
				CLANG_ENABLE_OBJC_ARC = YES;
				CLANG_ENABLE_OBJC_WEAK = YES;
				CLANG_WARN_BLOCK_CAPTURE_AUTORELEASING = YES;
				CLANG_WARN_BOOL_CONVERSION = YES;
				CLANG_WARN_COMMA = YES;
				CLANG_WARN_CONSTANT_CONVERSION = YES;
				CLANG_WARN_DEPRECATED_OBJC_IMPLEMENTATIONS = YES;
				CLANG_WARN_DIRECT_OBJC_ISA_USAGE = YES_ERROR;
				CLANG_WARN_DOCUMENTATION_COMMENTS = YES;
				CLANG_WARN_EMPTY_BODY = YES;
				CLANG_WARN_ENUM_CONVERSION = YES;
				CLANG_WARN_INFINITE_RECURSION = YES;
				CLANG_WARN_INT_CONVERSION = YES;
				CLANG_WARN_NON_LITERAL_NULL_CONVERSION = YES;
				CLANG_WARN_OBJC_IMPLICIT_RETAIN_SELF = YES;
				CLANG_WARN_OBJC_LITERAL_CONVERSION = YES;
				CLANG_WARN_OBJC_ROOT_CLASS = YES_ERROR;
				CLANG_WARN_QUOTED_INCLUDE_IN_FRAMEWORK_HEADER = YES;
				CLANG_WARN_RANGE_LOOP_ANALYSIS = YES;
				CLANG_WARN_STRICT_PROTOTYPES = YES;
				CLANG_WARN_SUSPICIOUS_MOVE = YES;
				CLANG_WARN_UNGUARDED_AVAILABILITY = YES_AGGRESSIVE;
				CLANG_WARN_UNREACHABLE_CODE = YES;
				CLANG_WARN__DUPLICATE_METHOD_MATCH = YES;
				COPY_PHASE_STRIP = NO;
				DEBUG_INFORMATION_FORMAT = dwarf;
				ENABLE_STRICT_OBJC_MSGSEND = YES;
				ENABLE_TESTABILITY = YES;
				ENABLE_USER_SCRIPT_SANDBOXING = YES;
				GCC_C_LANGUAGE_STANDARD = gnu17;
				GCC_DYNAMIC_NO_PIC = NO;
				GCC_NO_COMMON_BLOCKS = YES;
				GCC_OPTIMIZATION_LEVEL = 0;
				GCC_PREPROCESSOR_DEFINITIONS = (
					"DEBUG=1",
					"$(inherited)",
				);
				GCC_WARN_64_TO_32_BIT_CONVERSION = YES;
				GCC_WARN_ABOUT_RETURN_TYPE = YES_ERROR;
				GCC_WARN_UNDECLARED_SELECTOR = YES;
				GCC_WARN_UNINITIALIZED_AUTOS = YES_AGGRESSIVE;
				GCC_WARN_UNUSED_FUNCTION = YES;
				GCC_WARN_UNUSED_VARIABLE = YES;
				IPHONEOS_DEPLOYMENT_TARGET = 17.4;
				LOCALIZATION_PREFERS_STRING_CATALOGS = YES;
				MTL_ENABLE_DEBUG_INFO = INCLUDE_SOURCE;
				MTL_FAST_MATH = YES;
				ONLY_ACTIVE_ARCH = YES;
				SDKROOT = iphoneos;
				SWIFT_ACTIVE_COMPILATION_CONDITIONS = "DEBUG $(inherited)";
				SWIFT_OPTIMIZATION_LEVEL = "-Onone";
			};
			name = Debug;
		};
		7F308BCE2C0A7871007BA2AA /* Release */ = {
			isa = XCBuildConfiguration;
			buildSettings = {
				ALWAYS_SEARCH_USER_PATHS = NO;
				ASSETCATALOG_COMPILER_GENERATE_SWIFT_ASSET_SYMBOL_EXTENSIONS = YES;
				CLANG_ANALYZER_NONNULL = YES;
				CLANG_ANALYZER_NUMBER_OBJECT_CONVERSION = YES_AGGRESSIVE;
				CLANG_CXX_LANGUAGE_STANDARD = "gnu++20";
				CLANG_ENABLE_MODULES = YES;
				CLANG_ENABLE_OBJC_ARC = YES;
				CLANG_ENABLE_OBJC_WEAK = YES;
				CLANG_WARN_BLOCK_CAPTURE_AUTORELEASING = YES;
				CLANG_WARN_BOOL_CONVERSION = YES;
				CLANG_WARN_COMMA = YES;
				CLANG_WARN_CONSTANT_CONVERSION = YES;
				CLANG_WARN_DEPRECATED_OBJC_IMPLEMENTATIONS = YES;
				CLANG_WARN_DIRECT_OBJC_ISA_USAGE = YES_ERROR;
				CLANG_WARN_DOCUMENTATION_COMMENTS = YES;
				CLANG_WARN_EMPTY_BODY = YES;
				CLANG_WARN_ENUM_CONVERSION = YES;
				CLANG_WARN_INFINITE_RECURSION = YES;
				CLANG_WARN_INT_CONVERSION = YES;
				CLANG_WARN_NON_LITERAL_NULL_CONVERSION = YES;
				CLANG_WARN_OBJC_IMPLICIT_RETAIN_SELF = YES;
				CLANG_WARN_OBJC_LITERAL_CONVERSION = YES;
				CLANG_WARN_OBJC_ROOT_CLASS = YES_ERROR;
				CLANG_WARN_QUOTED_INCLUDE_IN_FRAMEWORK_HEADER = YES;
				CLANG_WARN_RANGE_LOOP_ANALYSIS = YES;
				CLANG_WARN_STRICT_PROTOTYPES = YES;
				CLANG_WARN_SUSPICIOUS_MOVE = YES;
				CLANG_WARN_UNGUARDED_AVAILABILITY = YES_AGGRESSIVE;
				CLANG_WARN_UNREACHABLE_CODE = YES;
				CLANG_WARN__DUPLICATE_METHOD_MATCH = YES;
				COPY_PHASE_STRIP = NO;
				DEBUG_INFORMATION_FORMAT = "dwarf-with-dsym";
				ENABLE_NS_ASSERTIONS = NO;
				ENABLE_STRICT_OBJC_MSGSEND = YES;
				ENABLE_USER_SCRIPT_SANDBOXING = YES;
				GCC_C_LANGUAGE_STANDARD = gnu17;
				GCC_NO_COMMON_BLOCKS = YES;
				GCC_WARN_64_TO_32_BIT_CONVERSION = YES;
				GCC_WARN_ABOUT_RETURN_TYPE = YES_ERROR;
				GCC_WARN_UNDECLARED_SELECTOR = YES;
				GCC_WARN_UNINITIALIZED_AUTOS = YES_AGGRESSIVE;
				GCC_WARN_UNUSED_FUNCTION = YES;
				GCC_WARN_UNUSED_VARIABLE = YES;
				IPHONEOS_DEPLOYMENT_TARGET = 17.4;
				LOCALIZATION_PREFERS_STRING_CATALOGS = YES;
				MTL_ENABLE_DEBUG_INFO = NO;
				MTL_FAST_MATH = YES;
				SDKROOT = iphoneos;
				SWIFT_COMPILATION_MODE = wholemodule;
				VALIDATE_PRODUCT = YES;
			};
			name = Release;
		};
		7F308BD02C0A7871007BA2AA /* Debug */ = {
			isa = XCBuildConfiguration;
			buildSettings = {
				ASSETCATALOG_COMPILER_APPICON_NAME = AppIcon;
				ASSETCATALOG_COMPILER_GLOBAL_ACCENT_COLOR_NAME = AccentColor;
				CODE_SIGN_STYLE = Automatic;
				CURRENT_PROJECT_VERSION = 1;
				GENERATE_INFOPLIST_FILE = YES;
				INFOPLIST_FILE = "HOTNEWS-APP/Info.plist";
				INFOPLIST_KEY_UIApplicationSupportsIndirectInputEvents = YES;
				INFOPLIST_KEY_UILaunchStoryboardName = LaunchScreen;
				INFOPLIST_KEY_UISupportedInterfaceOrientations_iPad = "UIInterfaceOrientationPortrait UIInterfaceOrientationPortraitUpsideDown UIInterfaceOrientationLandscapeLeft UIInterfaceOrientationLandscapeRight";
				INFOPLIST_KEY_UISupportedInterfaceOrientations_iPhone = "UIInterfaceOrientationPortrait UIInterfaceOrientationLandscapeLeft UIInterfaceOrientationLandscapeRight";
				LD_RUNPATH_SEARCH_PATHS = (
					"$(inherited)",
					"@executable_path/Frameworks",
				);
				MARKETING_VERSION = 1.0;
				PRODUCT_BUNDLE_IDENTIFIER = "org.smartsoft.HOTNEWS-APP";
				PRODUCT_NAME = "$(TARGET_NAME)";
				SWIFT_EMIT_LOC_STRINGS = YES;
				SWIFT_VERSION = 5.0;
				TARGETED_DEVICE_FAMILY = "1,2";
			};
			name = Debug;
		};
		7F308BD12C0A7871007BA2AA /* Release */ = {
			isa = XCBuildConfiguration;
			buildSettings = {
				ASSETCATALOG_COMPILER_APPICON_NAME = AppIcon;
				ASSETCATALOG_COMPILER_GLOBAL_ACCENT_COLOR_NAME = AccentColor;
				CODE_SIGN_STYLE = Automatic;
				CURRENT_PROJECT_VERSION = 1;
				GENERATE_INFOPLIST_FILE = YES;
				INFOPLIST_FILE = "HOTNEWS-APP/Info.plist";
				INFOPLIST_KEY_UIApplicationSupportsIndirectInputEvents = YES;
				INFOPLIST_KEY_UILaunchStoryboardName = LaunchScreen;
				INFOPLIST_KEY_UISupportedInterfaceOrientations_iPad = "UIInterfaceOrientationPortrait UIInterfaceOrientationPortraitUpsideDown UIInterfaceOrientationLandscapeLeft UIInterfaceOrientationLandscapeRight";
				INFOPLIST_KEY_UISupportedInterfaceOrientations_iPhone = "UIInterfaceOrientationPortrait UIInterfaceOrientationLandscapeLeft UIInterfaceOrientationLandscapeRight";
				LD_RUNPATH_SEARCH_PATHS = (
					"$(inherited)",
					"@executable_path/Frameworks",
				);
				MARKETING_VERSION = 1.0;
				PRODUCT_BUNDLE_IDENTIFIER = "org.smartsoft.HOTNEWS-APP";
				PRODUCT_NAME = "$(TARGET_NAME)";
				SWIFT_EMIT_LOC_STRINGS = YES;
				SWIFT_VERSION = 5.0;
				TARGETED_DEVICE_FAMILY = "1,2";
			};
			name = Release;
		};
/* End XCBuildConfiguration section */

/* Begin XCConfigurationList section */
		7F308BB62C0A786F007BA2AA /* Build configuration list for PBXProject "HOTNEWS-APP" */ = {
			isa = XCConfigurationList;
			buildConfigurations = (
				7F308BCD2C0A7871007BA2AA /* Debug */,
				7F308BCE2C0A7871007BA2AA /* Release */,
			);
			defaultConfigurationIsVisible = 0;
			defaultConfigurationName = Release;
		};
		7F308BCF2C0A7871007BA2AA /* Build configuration list for PBXNativeTarget "HOTNEWS-APP" */ = {
			isa = XCConfigurationList;
			buildConfigurations = (
				7F308BD02C0A7871007BA2AA /* Debug */,
				7F308BD12C0A7871007BA2AA /* Release */,
			);
			defaultConfigurationIsVisible = 0;
			defaultConfigurationName = Release;
		};
/* End XCConfigurationList section */
	};
	rootObject = 7F308BB32C0A786F007BA2AA /* Project object */;
}
